
Microsoft Visual Studio Solution File, Format Version 12.00
# Visual Studio Version 17
VisualStudioVersion = 17.7.34221.43
MinimumVisualStudioVersion = 10.0.40219.1
Project("{FAE04EC0-301F-11D3-BF4B-00C04F79EFBC}") = "FaktoriyelHesaplama", "FaktoriyelHesaplama\FaktoriyelHesaplama.csproj", "{3AEA756C-2EE7-497C-B325-0E400DAD8674}"
EndProject
Global
	GlobalSection(SolutionConfigurationPlatforms) = preSolution
		Debug|Any CPU = Debug|Any CPU
		Release|Any CPU = Release|Any CPU
	EndGlobalSection
	GlobalSection(ProjectConfigurationPlatforms) = postSolution
		{3AEA756C-2EE7-497C-B325-0E400DAD8674}.Debug|Any CPU.ActiveCfg = Debug|Any CPU
		{3AEA756C-2EE7-497C-B325-0E400DAD8674}.Debug|Any CPU.Build.0 = Debug|Any CPU
		{3AEA756C-2EE7-497C-B325-0E400DAD8674}.Release|Any CPU.ActiveCfg = Release|Any CPU
		{3AEA756C-2EE7-497C-B325-0E400DAD8674}.Release|Any CPU.Build.0 = Release|Any CPU
	EndGlobalSection
	GlobalSection(SolutionProperties) = preSolution
		HideSolutionNode = FALSE
	EndGlobalSection
	GlobalSection(ExtensibilityGlobals) = postSolution
		SolutionGuid = {DE697D1D-B024-463C-BF92-1FF05D5F91B9}
	EndGlobalSection
EndGlobal
